
Microsoft Visual Studio Solution File, Format Version 12.00
# Visual Studio 2017
Project("{FAE04EC0-301F-11D3-BF4B-00C04F79EFBC}") = "New Unity Project - 복사본 (2)", "New Unity Project - 복사본 (2).csproj", "{F2D3E757-9505-EF41-742D-E4E3562D4191}"
EndProject
Global
	GlobalSection(SolutionConfigurationPlatforms) = preSolution
		Debug|Any CPU = Debug|Any CPU
		Release|Any CPU = Release|Any CPU
	EndGlobalSection
	GlobalSection(ProjectConfigurationPlatforms) = postSolution
		{F2D3E757-9505-EF41-742D-E4E3562D4191}.Debug|Any CPU.ActiveCfg = Debug|Any CPU
		{F2D3E757-9505-EF41-742D-E4E3562D4191}.Debug|Any CPU.Build.0 = Debug|Any CPU
		{F2D3E757-9505-EF41-742D-E4E3562D4191}.Release|Any CPU.ActiveCfg = Release|Any CPU
		{F2D3E757-9505-EF41-742D-E4E3562D4191}.Release|Any CPU.Build.0 = Release|Any CPU
	EndGlobalSection
	GlobalSection(SolutionProperties) = preSolution
		HideSolutionNode = FALSE
	EndGlobalSection
EndGlobal
